// !$*UTF8*$!
{
	archiveVersion = 1;
	classes = {
	};
	objectVersion = 55;
	objects = {

/* Begin PBXBuildFile section */
		3BD850EA276B64F000C9263F /* AppDelegate.swift in Sources */ = {isa = PBXBuildFile; fileRef = 3BD850E9276B64F000C9263F /* AppDelegate.swift */; };
		3BD850EC276B64F000C9263F /* SceneDelegate.swift in Sources */ = {isa = PBXBuildFile; fileRef = 3BD850EB276B64F000C9263F /* SceneDelegate.swift */; };
		3BD850F3276B64F000C9263F /* Assets.xcassets in Resources */ = {isa = PBXBuildFile; fileRef = 3BD850F2276B64F000C9263F /* Assets.xcassets */; };
		3BD850F6276B64F000C9263F /* LaunchScreen.storyboard in Resources */ = {isa = PBXBuildFile; fileRef = 3BD850F4276B64F000C9263F /* LaunchScreen.storyboard */; };
		3BD85101276B64F000C9263F /* BooksSearchTests.swift in Sources */ = {isa = PBXBuildFile; fileRef = 3BD85100276B64F000C9263F /* BooksSearchTests.swift */; };
		3BD8511A276B65D100C9263F /* FlowController.swift in Sources */ = {isa = PBXBuildFile; fileRef = 3BD85119276B65D100C9263F /* FlowController.swift */; };
		440830587BE4C0D950DBE4BE /* NetworkClient.swift in Sources */ = {isa = PBXBuildFile; fileRef = 4408381DDD3E1C3DD5715447 /* NetworkClient.swift */; };
		440831BD29F3E27BCEBC1542 /* BooksListInteractor.swift in Sources */ = {isa = PBXBuildFile; fileRef = 440834B843B4415160F1A051 /* BooksListInteractor.swift */; };
		4408337ED59F832E2548B2C7 /* ViewControllersFactory.swift in Sources */ = {isa = PBXBuildFile; fileRef = 44083F8D318D0F4BE1034594 /* ViewControllersFactory.swift */; };
		4408344472149BF920F73581 /* BookSearchResource.swift in Sources */ = {isa = PBXBuildFile; fileRef = 440837B9D437B850C42E4783 /* BookSearchResource.swift */; };
		4408346E3F124F83D68DFFA0 /* BooksListViewModel.swift in Sources */ = {isa = PBXBuildFile; fileRef = 44083AF789326B03A4140E49 /* BooksListViewModel.swift */; };
		4408355C09B5F311830BCF96 /* Parameter.swift in Sources */ = {isa = PBXBuildFile; fileRef = 4408336E2468A20CC6AD3026 /* Parameter.swift */; };
		440836B6E51A2F5C396F4596 /* NetworkSession.swift in Sources */ = {isa = PBXBuildFile; fileRef = 4408387F2F11F4D4F883046F /* NetworkSession.swift */; };
		440836EB166023A0AF3BE2D2 /* Dependencies.swift in Sources */ = {isa = PBXBuildFile; fileRef = 440837655E6015ABB60267EC /* Dependencies.swift */; };
		44083A22E73C294F4041FE38 /* RequestMethod.swift in Sources */ = {isa = PBXBuildFile; fileRef = 4408324E4C3BFF6E72D9FFB1 /* RequestMethod.swift */; };
		44083B0E2741123B9FAB5CCE /* BooksListView.swift in Sources */ = {isa = PBXBuildFile; fileRef = 44083F35F99B761053C7E674 /* BooksListView.swift */; };
		44083C2641C4F9940E6FC6F2 /* Resource.swift in Sources */ = {isa = PBXBuildFile; fileRef = 440831C40DB22B7C70C454C5 /* Resource.swift */; };
		44083F0285E9CC5C0308821B /* NetworkingError.swift in Sources */ = {isa = PBXBuildFile; fileRef = 4408393709B293C545F23CDF /* NetworkingError.swift */; };
		44083FF7DEB92881F56141B5 /* DataParser.swift in Sources */ = {isa = PBXBuildFile; fileRef = 4408365E34DF58438B8D4E06 /* DataParser.swift */; };
/* End PBXBuildFile section */

/* Begin PBXContainerItemProxy section */
		3BD850FD276B64F000C9263F /* PBXContainerItemProxy */ = {
			isa = PBXContainerItemProxy;
			containerPortal = 3BD850DE276B64F000C9263F /* Project object */;
			proxyType = 1;
			remoteGlobalIDString = 3BD850E5276B64F000C9263F;
			remoteInfo = BooksSearch;
		};
/* End PBXContainerItemProxy section */

/* Begin PBXFileReference section */
		3BD850E6276B64F000C9263F /* BooksSearch.app */ = {isa = PBXFileReference; explicitFileType = wrapper.application; includeInIndex = 0; path = BooksSearch.app; sourceTree = BUILT_PRODUCTS_DIR; };
		3BD850E9276B64F000C9263F /* AppDelegate.swift */ = {isa = PBXFileReference; lastKnownFileType = sourcecode.swift; path = AppDelegate.swift; sourceTree = "<group>"; };
		3BD850EB276B64F000C9263F /* SceneDelegate.swift */ = {isa = PBXFileReference; lastKnownFileType = sourcecode.swift; path = SceneDelegate.swift; sourceTree = "<group>"; };
		3BD850F2276B64F000C9263F /* Assets.xcassets */ = {isa = PBXFileReference; lastKnownFileType = folder.assetcatalog; path = Assets.xcassets; sourceTree = "<group>"; };
		3BD850F5276B64F000C9263F /* Base */ = {isa = PBXFileReference; lastKnownFileType = file.storyboard; name = Base; path = Base.lproj/LaunchScreen.storyboard; sourceTree = "<group>"; };
		3BD850F7276B64F000C9263F /* Info.plist */ = {isa = PBXFileReference; lastKnownFileType = text.plist.xml; path = Info.plist; sourceTree = "<group>"; };
		3BD850FC276B64F000C9263F /* BooksSearchTests.xctest */ = {isa = PBXFileReference; explicitFileType = wrapper.cfbundle; includeInIndex = 0; path = BooksSearchTests.xctest; sourceTree = BUILT_PRODUCTS_DIR; };
		3BD85100276B64F000C9263F /* BooksSearchTests.swift */ = {isa = PBXFileReference; lastKnownFileType = sourcecode.swift; path = BooksSearchTests.swift; sourceTree = "<group>"; };
		3BD85119276B65D100C9263F /* FlowController.swift */ = {isa = PBXFileReference; lastKnownFileType = sourcecode.swift; path = FlowController.swift; sourceTree = "<group>"; };
		440831C40DB22B7C70C454C5 /* Resource.swift */ = {isa = PBXFileReference; fileEncoding = 4; lastKnownFileType = sourcecode.swift; path = Resource.swift; sourceTree = "<group>"; };
		4408324E4C3BFF6E72D9FFB1 /* RequestMethod.swift */ = {isa = PBXFileReference; fileEncoding = 4; lastKnownFileType = sourcecode.swift; path = RequestMethod.swift; sourceTree = "<group>"; };
		4408336E2468A20CC6AD3026 /* Parameter.swift */ = {isa = PBXFileReference; fileEncoding = 4; lastKnownFileType = sourcecode.swift; path = Parameter.swift; sourceTree = "<group>"; };
		440834B843B4415160F1A051 /* BooksListInteractor.swift */ = {isa = PBXFileReference; fileEncoding = 4; lastKnownFileType = sourcecode.swift; path = BooksListInteractor.swift; sourceTree = "<group>"; };
		4408365E34DF58438B8D4E06 /* DataParser.swift */ = {isa = PBXFileReference; fileEncoding = 4; lastKnownFileType = sourcecode.swift; path = DataParser.swift; sourceTree = "<group>"; };
		440837655E6015ABB60267EC /* Dependencies.swift */ = {isa = PBXFileReference; fileEncoding = 4; lastKnownFileType = sourcecode.swift; path = Dependencies.swift; sourceTree = "<group>"; };
		440837B9D437B850C42E4783 /* BookSearchResource.swift */ = {isa = PBXFileReference; fileEncoding = 4; lastKnownFileType = sourcecode.swift; path = BookSearchResource.swift; sourceTree = "<group>"; };
		4408381DDD3E1C3DD5715447 /* NetworkClient.swift */ = {isa = PBXFileReference; fileEncoding = 4; lastKnownFileType = sourcecode.swift; path = NetworkClient.swift; sourceTree = "<group>"; };
		4408387F2F11F4D4F883046F /* NetworkSession.swift */ = {isa = PBXFileReference; fileEncoding = 4; lastKnownFileType = sourcecode.swift; path = NetworkSession.swift; sourceTree = "<group>"; };
		4408393709B293C545F23CDF /* NetworkingError.swift */ = {isa = PBXFileReference; fileEncoding = 4; lastKnownFileType = sourcecode.swift; path = NetworkingError.swift; sourceTree = "<group>"; };
		44083AF789326B03A4140E49 /* BooksListViewModel.swift */ = {isa = PBXFileReference; fileEncoding = 4; lastKnownFileType = sourcecode.swift; path = BooksListViewModel.swift; sourceTree = "<group>"; };
		44083F35F99B761053C7E674 /* BooksListView.swift */ = {isa = PBXFileReference; fileEncoding = 4; lastKnownFileType = sourcecode.swift; path = BooksListView.swift; sourceTree = "<group>"; };
		44083F8D318D0F4BE1034594 /* ViewControllersFactory.swift */ = {isa = PBXFileReference; fileEncoding = 4; lastKnownFileType = sourcecode.swift; path = ViewControllersFactory.swift; sourceTree = "<group>"; };
/* End PBXFileReference section */

/* Begin PBXFrameworksBuildPhase section */
		3BD850E3276B64F000C9263F /* Frameworks */ = {
			isa = PBXFrameworksBuildPhase;
			buildActionMask = 2147483647;
			files = (
			);
			runOnlyForDeploymentPostprocessing = 0;
		};
		3BD850F9276B64F000C9263F /* Frameworks */ = {
			isa = PBXFrameworksBuildPhase;
			buildActionMask = 2147483647;
			files = (
			);
			runOnlyForDeploymentPostprocessing = 0;
		};
/* End PBXFrameworksBuildPhase section */

/* Begin PBXGroup section */
		3BD850DD276B64F000C9263F = {
			isa = PBXGroup;
			children = (
				3BD850E8276B64F000C9263F /* BooksSearch */,
				3BD850FF276B64F000C9263F /* BooksSearchTests */,
				3BD850E7276B64F000C9263F /* Products */,
			);
			sourceTree = "<group>";
		};
		3BD850E7276B64F000C9263F /* Products */ = {
			isa = PBXGroup;
			children = (
				3BD850E6276B64F000C9263F /* BooksSearch.app */,
				3BD850FC276B64F000C9263F /* BooksSearchTests.xctest */,
			);
			name = Products;
			sourceTree = "<group>";
		};
		3BD850E8276B64F000C9263F /* BooksSearch */ = {
			isa = PBXGroup;
			children = (
				3BD8511C276B667100C9263F /* Classes */,
				3BD8511B276B666400C9263F /* Resources */,
			);
			path = BooksSearch;
			sourceTree = "<group>";
		};
		3BD850FF276B64F000C9263F /* BooksSearchTests */ = {
			isa = PBXGroup;
			children = (
				3BD85100276B64F000C9263F /* BooksSearchTests.swift */,
			);
			path = BooksSearchTests;
			sourceTree = "<group>";
		};
		3BD8511B276B666400C9263F /* Resources */ = {
			isa = PBXGroup;
			children = (
				3BD850F7276B64F000C9263F /* Info.plist */,
				3BD850F4276B64F000C9263F /* LaunchScreen.storyboard */,
				3BD850F2276B64F000C9263F /* Assets.xcassets */,
			);
			path = Resources;
			sourceTree = "<group>";
		};
		3BD8511C276B667100C9263F /* Classes */ = {
			isa = PBXGroup;
			children = (
				3BD8511E276B6F6000C9263F /* Components */,
				3BD8511D276B6F4E00C9263F /* Common */,
			);
			path = Classes;
			sourceTree = "<group>";
		};
		3BD8511D276B6F4E00C9263F /* Common */ = {
			isa = PBXGroup;
			children = (
				3BD850E9276B64F000C9263F /* AppDelegate.swift */,
				3BD850EB276B64F000C9263F /* SceneDelegate.swift */,
				3BD85119276B65D100C9263F /* FlowController.swift */,
				44083F8D318D0F4BE1034594 /* ViewControllersFactory.swift */,
				440837655E6015ABB60267EC /* Dependencies.swift */,
				4408361F12F7D838B81F6DDA /* Networking */,
			);
			path = Common;
			sourceTree = "<group>";
		};
		3BD8511E276B6F6000C9263F /* Components */ = {
			isa = PBXGroup;
			children = (
				440839BAF323A7781D2D4EB3 /* BooksList */,
			);
			path = Components;
			sourceTree = "<group>";
		};
		4408361F12F7D838B81F6DDA /* Networking */ = {
			isa = PBXGroup;
			children = (
				4408381DDD3E1C3DD5715447 /* NetworkClient.swift */,
				4408324E4C3BFF6E72D9FFB1 /* RequestMethod.swift */,
				4408365E34DF58438B8D4E06 /* DataParser.swift */,
				4408336E2468A20CC6AD3026 /* Parameter.swift */,
				4408387F2F11F4D4F883046F /* NetworkSession.swift */,
				4408393709B293C545F23CDF /* NetworkingError.swift */,
				44083A9858E67C27B823C617 /* Resources */,
			);
			path = Networking;
			sourceTree = "<group>";
		};
		440839BAF323A7781D2D4EB3 /* BooksList */ = {
			isa = PBXGroup;
			children = (
				44083F35F99B761053C7E674 /* BooksListView.swift */,
				44083AF789326B03A4140E49 /* BooksListViewModel.swift */,
				440834B843B4415160F1A051 /* BooksListInteractor.swift */,
			);
			path = BooksList;
			sourceTree = "<group>";
		};
		44083A9858E67C27B823C617 /* Resources */ = {
			isa = PBXGroup;
			children = (
				440831C40DB22B7C70C454C5 /* Resource.swift */,
				440837B9D437B850C42E4783 /* BookSearchResource.swift */,
			);
			path = Resources;
			sourceTree = "<group>";
		};
/* End PBXGroup section */

/* Begin PBXNativeTarget section */
		3BD850E5276B64F000C9263F /* BooksSearch */ = {
			isa = PBXNativeTarget;
			buildConfigurationList = 3BD85110276B64F000C9263F /* Build configuration list for PBXNativeTarget "BooksSearch" */;
			buildPhases = (
				3BD850E2276B64F000C9263F /* Sources */,
				3BD850E3276B64F000C9263F /* Frameworks */,
				3BD850E4276B64F000C9263F /* Resources */,
			);
			buildRules = (
			);
			dependencies = (
			);
			name = BooksSearch;
			productName = BooksSearch;
			productReference = 3BD850E6276B64F000C9263F /* BooksSearch.app */;
			productType = "com.apple.product-type.application";
		};
		3BD850FB276B64F000C9263F /* BooksSearchTests */ = {
			isa = PBXNativeTarget;
			buildConfigurationList = 3BD85113276B64F000C9263F /* Build configuration list for PBXNativeTarget "BooksSearchTests" */;
			buildPhases = (
				3BD850F8276B64F000C9263F /* Sources */,
				3BD850F9276B64F000C9263F /* Frameworks */,
				3BD850FA276B64F000C9263F /* Resources */,
			);
			buildRules = (
			);
			dependencies = (
				3BD850FE276B64F000C9263F /* PBXTargetDependency */,
			);
			name = BooksSearchTests;
			productName = BooksSearchTests;
			productReference = 3BD850FC276B64F000C9263F /* BooksSearchTests.xctest */;
			productType = "com.apple.product-type.bundle.unit-test";
		};
/* End PBXNativeTarget section */

/* Begin PBXProject section */
		3BD850DE276B64F000C9263F /* Project object */ = {
			isa = PBXProject;
			attributes = {
				BuildIndependentTargetsInParallel = 1;
				LastSwiftUpdateCheck = 1310;
				LastUpgradeCheck = 1310;
				TargetAttributes = {
					3BD850E5276B64F000C9263F = {
						CreatedOnToolsVersion = 13.1;
					};
					3BD850FB276B64F000C9263F = {
						CreatedOnToolsVersion = 13.1;
						TestTargetID = 3BD850E5276B64F000C9263F;
					};
				};
			};
			buildConfigurationList = 3BD850E1276B64F000C9263F /* Build configuration list for PBXProject "BooksSearch" */;
			compatibilityVersion = "Xcode 13.0";
			developmentRegion = en;
			hasScannedForEncodings = 0;
			knownRegions = (
				en,
				Base,
			);
			mainGroup = 3BD850DD276B64F000C9263F;
			productRefGroup = 3BD850E7276B64F000C9263F /* Products */;
			projectDirPath = "";
			projectRoot = "";
			targets = (
				3BD850E5276B64F000C9263F /* BooksSearch */,
				3BD850FB276B64F000C9263F /* BooksSearchTests */,
			);
		};
/* End PBXProject section */

/* Begin PBXResourcesBuildPhase section */
		3BD850E4276B64F000C9263F /* Resources */ = {
			isa = PBXResourcesBuildPhase;
			buildActionMask = 2147483647;
			files = (
				3BD850F6276B64F000C9263F /* LaunchScreen.storyboard in Resources */,
				3BD850F3276B64F000C9263F /* Assets.xcassets in Resources */,
			);
			runOnlyForDeploymentPostprocessing = 0;
		};
		3BD850FA276B64F000C9263F /* Resources */ = {
			isa = PBXResourcesBuildPhase;
			buildActionMask = 2147483647;
			files = (
			);
			runOnlyForDeploymentPostprocessing = 0;
		};
/* End PBXResourcesBuildPhase section */

/* Begin PBXSourcesBuildPhase section */
		3BD850E2276B64F000C9263F /* Sources */ = {
			isa = PBXSourcesBuildPhase;
			buildActionMask = 2147483647;
			files = (
				3BD850EA276B64F000C9263F /* AppDelegate.swift in Sources */,
				3BD850EC276B64F000C9263F /* SceneDelegate.swift in Sources */,
				3BD8511A276B65D100C9263F /* FlowController.swift in Sources */,
				440831BD29F3E27BCEBC1542 /* BooksListInteractor.swift in Sources */,
				44083B0E2741123B9FAB5CCE /* BooksListView.swift in Sources */,
				4408346E3F124F83D68DFFA0 /* BooksListViewModel.swift in Sources */,
				4408337ED59F832E2548B2C7 /* ViewControllersFactory.swift in Sources */,
				440836EB166023A0AF3BE2D2 /* Dependencies.swift in Sources */,
				440830587BE4C0D950DBE4BE /* NetworkClient.swift in Sources */,
				44083A22E73C294F4041FE38 /* RequestMethod.swift in Sources */,
				44083FF7DEB92881F56141B5 /* DataParser.swift in Sources */,
				4408355C09B5F311830BCF96 /* Parameter.swift in Sources */,
				440836B6E51A2F5C396F4596 /* NetworkSession.swift in Sources */,
				44083F0285E9CC5C0308821B /* NetworkingError.swift in Sources */,
				44083C2641C4F9940E6FC6F2 /* Resource.swift in Sources */,
				4408344472149BF920F73581 /* BookSearchResource.swift in Sources */,
			);
			runOnlyForDeploymentPostprocessing = 0;
		};
		3BD850F8276B64F000C9263F /* Sources */ = {
			isa = PBXSourcesBuildPhase;
			buildActionMask = 2147483647;
			files = (
				3BD85101276B64F000C9263F /* BooksSearchTests.swift in Sources */,
			);
			runOnlyForDeploymentPostprocessing = 0;
		};
/* End PBXSourcesBuildPhase section */

/* Begin PBXTargetDependency section */
		3BD850FE276B64F000C9263F /* PBXTargetDependency */ = {
			isa = PBXTargetDependency;
			target = 3BD850E5276B64F000C9263F /* BooksSearch */;
			targetProxy = 3BD850FD276B64F000C9263F /* PBXContainerItemProxy */;
		};
/* End PBXTargetDependency section */

/* Begin PBXVariantGroup section */
		3BD850F4276B64F000C9263F /* LaunchScreen.storyboard */ = {
			isa = PBXVariantGroup;
			children = (
				3BD850F5276B64F000C9263F /* Base */,
			);
			name = LaunchScreen.storyboard;
			sourceTree = "<group>";
		};
/* End PBXVariantGroup section */

/* Begin XCBuildConfiguration section */
		3BD8510E276B64F000C9263F /* Debug */ = {
			isa = XCBuildConfiguration;
			buildSettings = {
				ALWAYS_SEARCH_USER_PATHS = NO;
				CLANG_ANALYZER_NONNULL = YES;
				CLANG_ANALYZER_NUMBER_OBJECT_CONVERSION = YES_AGGRESSIVE;
				CLANG_CXX_LANGUAGE_STANDARD = "gnu++17";
				CLANG_CXX_LIBRARY = "libc++";
				CLANG_ENABLE_MODULES = YES;
				CLANG_ENABLE_OBJC_ARC = YES;
				CLANG_ENABLE_OBJC_WEAK = YES;
				CLANG_WARN_BLOCK_CAPTURE_AUTORELEASING = YES;
				CLANG_WARN_BOOL_CONVERSION = YES;
				CLANG_WARN_COMMA = YES;
				CLANG_WARN_CONSTANT_CONVERSION = YES;
				CLANG_WARN_DEPRECATED_OBJC_IMPLEMENTATIONS = YES;
				CLANG_WARN_DIRECT_OBJC_ISA_USAGE = YES_ERROR;
				CLANG_WARN_DOCUMENTATION_COMMENTS = YES;
				CLANG_WARN_EMPTY_BODY = YES;
				CLANG_WARN_ENUM_CONVERSION = YES;
				CLANG_WARN_INFINITE_RECURSION = YES;
				CLANG_WARN_INT_CONVERSION = YES;
				CLANG_WARN_NON_LITERAL_NULL_CONVERSION = YES;
				CLANG_WARN_OBJC_IMPLICIT_RETAIN_SELF = YES;
				CLANG_WARN_OBJC_LITERAL_CONVERSION = YES;
				CLANG_WARN_OBJC_ROOT_CLASS = YES_ERROR;
				CLANG_WARN_QUOTED_INCLUDE_IN_FRAMEWORK_HEADER = YES;
				CLANG_WARN_RANGE_LOOP_ANALYSIS = YES;
				CLANG_WARN_STRICT_PROTOTYPES = YES;
				CLANG_WARN_SUSPICIOUS_MOVE = YES;
				CLANG_WARN_UNGUARDED_AVAILABILITY = YES_AGGRESSIVE;
				CLANG_WARN_UNREACHABLE_CODE = YES;
				CLANG_WARN__DUPLICATE_METHOD_MATCH = YES;
				COPY_PHASE_STRIP = NO;
				DEBUG_INFORMATION_FORMAT = dwarf;
				ENABLE_STRICT_OBJC_MSGSEND = YES;
				ENABLE_TESTABILITY = YES;
				GCC_C_LANGUAGE_STANDARD = gnu11;
				GCC_DYNAMIC_NO_PIC = NO;
				GCC_NO_COMMON_BLOCKS = YES;
				GCC_OPTIMIZATION_LEVEL = 0;
				GCC_PREPROCESSOR_DEFINITIONS = (
					"DEBUG=1",
					"$(inherited)",
				);
				GCC_WARN_64_TO_32_BIT_CONVERSION = YES;
				GCC_WARN_ABOUT_RETURN_TYPE = YES_ERROR;
				GCC_WARN_UNDECLARED_SELECTOR = YES;
				GCC_WARN_UNINITIALIZED_AUTOS = YES_AGGRESSIVE;
				GCC_WARN_UNUSED_FUNCTION = YES;
				GCC_WARN_UNUSED_VARIABLE = YES;
				IPHONEOS_DEPLOYMENT_TARGET = 15.0;
				MTL_ENABLE_DEBUG_INFO = INCLUDE_SOURCE;
				MTL_FAST_MATH = YES;
				ONLY_ACTIVE_ARCH = YES;
				SDKROOT = iphoneos;
				SWIFT_ACTIVE_COMPILATION_CONDITIONS = DEBUG;
				SWIFT_OPTIMIZATION_LEVEL = "-Onone";
			};
			name = Debug;
		};
		3BD8510F276B64F000C9263F /* Release */ = {
			isa = XCBuildConfiguration;
			buildSettings = {
				ALWAYS_SEARCH_USER_PATHS = NO;
				CLANG_ANALYZER_NONNULL = YES;
				CLANG_ANALYZER_NUMBER_OBJECT_CONVERSION = YES_AGGRESSIVE;
				CLANG_CXX_LANGUAGE_STANDARD = "gnu++17";
				CLANG_CXX_LIBRARY = "libc++";
				CLANG_ENABLE_MODULES = YES;
				CLANG_ENABLE_OBJC_ARC = YES;
				CLANG_ENABLE_OBJC_WEAK = YES;
				CLANG_WARN_BLOCK_CAPTURE_AUTORELEASING = YES;
				CLANG_WARN_BOOL_CONVERSION = YES;
				CLANG_WARN_COMMA = YES;
				CLANG_WARN_CONSTANT_CONVERSION = YES;
				CLANG_WARN_DEPRECATED_OBJC_IMPLEMENTATIONS = YES;
				CLANG_WARN_DIRECT_OBJC_ISA_USAGE = YES_ERROR;
				CLANG_WARN_DOCUMENTATION_COMMENTS = YES;
				CLANG_WARN_EMPTY_BODY = YES;
				CLANG_WARN_ENUM_CONVERSION = YES;
				CLANG_WARN_INFINITE_RECURSION = YES;
				CLANG_WARN_INT_CONVERSION = YES;
				CLANG_WARN_NON_LITERAL_NULL_CONVERSION = YES;
				CLANG_WARN_OBJC_IMPLICIT_RETAIN_SELF = YES;
				CLANG_WARN_OBJC_LITERAL_CONVERSION = YES;
				CLANG_WARN_OBJC_ROOT_CLASS = YES_ERROR;
				CLANG_WARN_QUOTED_INCLUDE_IN_FRAMEWORK_HEADER = YES;
				CLANG_WARN_RANGE_LOOP_ANALYSIS = YES;
				CLANG_WARN_STRICT_PROTOTYPES = YES;
				CLANG_WARN_SUSPICIOUS_MOVE = YES;
				CLANG_WARN_UNGUARDED_AVAILABILITY = YES_AGGRESSIVE;
				CLANG_WARN_UNREACHABLE_CODE = YES;
				CLANG_WARN__DUPLICATE_METHOD_MATCH = YES;
				COPY_PHASE_STRIP = NO;
				DEBUG_INFORMATION_FORMAT = "dwarf-with-dsym";
				ENABLE_NS_ASSERTIONS = NO;
				ENABLE_STRICT_OBJC_MSGSEND = YES;
				GCC_C_LANGUAGE_STANDARD = gnu11;
				GCC_NO_COMMON_BLOCKS = YES;
				GCC_WARN_64_TO_32_BIT_CONVERSION = YES;
				GCC_WARN_ABOUT_RETURN_TYPE = YES_ERROR;
				GCC_WARN_UNDECLARED_SELECTOR = YES;
				GCC_WARN_UNINITIALIZED_AUTOS = YES_AGGRESSIVE;
				GCC_WARN_UNUSED_FUNCTION = YES;
				GCC_WARN_UNUSED_VARIABLE = YES;
				IPHONEOS_DEPLOYMENT_TARGET = 15.0;
				MTL_ENABLE_DEBUG_INFO = NO;
				MTL_FAST_MATH = YES;
				SDKROOT = iphoneos;
				SWIFT_COMPILATION_MODE = wholemodule;
				SWIFT_OPTIMIZATION_LEVEL = "-O";
				VALIDATE_PRODUCT = YES;
			};
			name = Release;
		};
		3BD85111276B64F000C9263F /* Debug */ = {
			isa = XCBuildConfiguration;
			buildSettings = {
				ASSETCATALOG_COMPILER_APPICON_NAME = AppIcon;
				ASSETCATALOG_COMPILER_GLOBAL_ACCENT_COLOR_NAME = AccentColor;
				CODE_SIGN_STYLE = Automatic;
				CURRENT_PROJECT_VERSION = 1;
				GENERATE_INFOPLIST_FILE = YES;
				INFOPLIST_FILE = BooksSearch/Resources/Info.plist;
				INFOPLIST_KEY_UIApplicationSupportsIndirectInputEvents = YES;
				INFOPLIST_KEY_UILaunchStoryboardName = LaunchScreen;
				INFOPLIST_KEY_UISupportedInterfaceOrientations_iPad = "UIInterfaceOrientationPortrait UIInterfaceOrientationPortraitUpsideDown UIInterfaceOrientationLandscapeLeft UIInterfaceOrientationLandscapeRight";
				INFOPLIST_KEY_UISupportedInterfaceOrientations_iPhone = "UIInterfaceOrientationPortrait UIInterfaceOrientationLandscapeLeft UIInterfaceOrientationLandscapeRight";
				LD_RUNPATH_SEARCH_PATHS = (
					"$(inherited)",
					"@executable_path/Frameworks",
				);
				MARKETING_VERSION = 1.0;
				PRODUCT_BUNDLE_IDENTIFIER = com.owlyapps.BooksSearch;
				PRODUCT_NAME = "$(TARGET_NAME)";
				SWIFT_EMIT_LOC_STRINGS = YES;
				SWIFT_VERSION = 5.0;
				TARGETED_DEVICE_FAMILY = "1,2";
			};
			name = Debug;
		};
		3BD85112276B64F000C9263F /* Release */ = {
			isa = XCBuildConfiguration;
			buildSettings = {
				ASSETCATALOG_COMPILER_APPICON_NAME = AppIcon;
				ASSETCATALOG_COMPILER_GLOBAL_ACCENT_COLOR_NAME = AccentColor;
				CODE_SIGN_STYLE = Automatic;
				CURRENT_PROJECT_VERSION = 1;
				GENERATE_INFOPLIST_FILE = YES;
				INFOPLIST_FILE = BooksSearch/Resources/Info.plist;
				INFOPLIST_KEY_UIApplicationSupportsIndirectInputEvents = YES;
				INFOPLIST_KEY_UILaunchStoryboardName = LaunchScreen;
				INFOPLIST_KEY_UISupportedInterfaceOrientations_iPad = "UIInterfaceOrientationPortrait UIInterfaceOrientationPortraitUpsideDown UIInterfaceOrientationLandscapeLeft UIInterfaceOrientationLandscapeRight";
				INFOPLIST_KEY_UISupportedInterfaceOrientations_iPhone = "UIInterfaceOrientationPortrait UIInterfaceOrientationLandscapeLeft UIInterfaceOrientationLandscapeRight";
				LD_RUNPATH_SEARCH_PATHS = (
					"$(inherited)",
					"@executable_path/Frameworks",
				);
				MARKETING_VERSION = 1.0;
				PRODUCT_BUNDLE_IDENTIFIER = com.owlyapps.BooksSearch;
				PRODUCT_NAME = "$(TARGET_NAME)";
				SWIFT_EMIT_LOC_STRINGS = YES;
				SWIFT_VERSION = 5.0;
				TARGETED_DEVICE_FAMILY = "1,2";
			};
			name = Release;
		};
		3BD85114276B64F000C9263F /* Debug */ = {
			isa = XCBuildConfiguration;
			buildSettings = {
				ALWAYS_EMBED_SWIFT_STANDARD_LIBRARIES = YES;
				BUNDLE_LOADER = "$(TEST_HOST)";
				CODE_SIGN_STYLE = Automatic;
				CURRENT_PROJECT_VERSION = 1;
				GENERATE_INFOPLIST_FILE = YES;
				IPHONEOS_DEPLOYMENT_TARGET = 15.0;
				LD_RUNPATH_SEARCH_PATHS = (
					"$(inherited)",
					"@executable_path/Frameworks",
					"@loader_path/Frameworks",
				);
				MARKETING_VERSION = 1.0;
				PRODUCT_BUNDLE_IDENTIFIER = com.owlyapps.BooksSearchTests;
				PRODUCT_NAME = "$(TARGET_NAME)";
				SWIFT_EMIT_LOC_STRINGS = NO;
				SWIFT_VERSION = 5.0;
				TARGETED_DEVICE_FAMILY = "1,2";
				TEST_HOST = "$(BUILT_PRODUCTS_DIR)/BooksSearch.app/BooksSearch";
			};
			name = Debug;
		};
		3BD85115276B64F000C9263F /* Release */ = {
			isa = XCBuildConfiguration;
			buildSettings = {
				ALWAYS_EMBED_SWIFT_STANDARD_LIBRARIES = YES;
				BUNDLE_LOADER = "$(TEST_HOST)";
				CODE_SIGN_STYLE = Automatic;
				CURRENT_PROJECT_VERSION = 1;
				GENERATE_INFOPLIST_FILE = YES;
				IPHONEOS_DEPLOYMENT_TARGET = 15.0;
				LD_RUNPATH_SEARCH_PATHS = (
					"$(inherited)",
					"@executable_path/Frameworks",
					"@loader_path/Frameworks",
				);
				MARKETING_VERSION = 1.0;
				PRODUCT_BUNDLE_IDENTIFIER = com.owlyapps.BooksSearchTests;
				PRODUCT_NAME = "$(TARGET_NAME)";
				SWIFT_EMIT_LOC_STRINGS = NO;
				SWIFT_VERSION = 5.0;
				TARGETED_DEVICE_FAMILY = "1,2";
				TEST_HOST = "$(BUILT_PRODUCTS_DIR)/BooksSearch.app/BooksSearch";
			};
			name = Release;
		};
/* End XCBuildConfiguration section */

/* Begin XCConfigurationList section */
		3BD850E1276B64F000C9263F /* Build configuration list for PBXProject "BooksSearch" */ = {
			isa = XCConfigurationList;
			buildConfigurations = (
				3BD8510E276B64F000C9263F /* Debug */,
				3BD8510F276B64F000C9263F /* Release */,
			);
			defaultConfigurationIsVisible = 0;
			defaultConfigurationName = Release;
		};
		3BD85110276B64F000C9263F /* Build configuration list for PBXNativeTarget "BooksSearch" */ = {
			isa = XCConfigurationList;
			buildConfigurations = (
				3BD85111276B64F000C9263F /* Debug */,
				3BD85112276B64F000C9263F /* Release */,
			);
			defaultConfigurationIsVisible = 0;
			defaultConfigurationName = Release;
		};
		3BD85113276B64F000C9263F /* Build configuration list for PBXNativeTarget "BooksSearchTests" */ = {
			isa = XCConfigurationList;
			buildConfigurations = (
				3BD85114276B64F000C9263F /* Debug */,
				3BD85115276B64F000C9263F /* Release */,
			);
			defaultConfigurationIsVisible = 0;
			defaultConfigurationName = Release;
		};
/* End XCConfigurationList section */
	};
	rootObject = 3BD850DE276B64F000C9263F /* Project object */;
}
